
Microsoft Visual Studio Solution File, Format Version 12.00
# Visual Studio Version 17
VisualStudioVersion = 17.14.36121.58
MinimumVisualStudioVersion = 10.0.40219.1
Project("{FAE04EC0-301F-11D3-BF4B-00C04F79EFBC}") = "SlipperyLand", "SlipperyLand\SlipperyLand.csproj", "{6AA27A8C-CFBE-45B6-908E-06D8F7DD655F}"
EndProject
Project("{FAE04EC0-301F-11D3-BF4B-00C04F79EFBC}") = "MainLogic", "MainLogic\MainLogic.csproj", "{82F1318C-3DA8-46B1-92BD-91547F884BB3}"
EndProject
Project("{FAE04EC0-301F-11D3-BF4B-00C04F79EFBC}") = "ViewModel", "ViewModel\ViewModel.csproj", "{362DB6C7-A5D7-4D15-BD8D-DD32F4BAD8BD}"
EndProject
Project("{FAE04EC0-301F-11D3-BF4B-00C04F79EFBC}") = "Common", "Common\Common.csproj", "{1C0E8A2C-0C3D-403A-94A9-514C6931B822}"
EndProject
Project("{FAE04EC0-301F-11D3-BF4B-00C04F79EFBC}") = "GameTypes", "CellTypes\GameTypes.csproj", "{2FBD9431-F865-4EAC-86A9-235A468A4215}"
EndProject
Project("{2150E333-8FDC-42A3-9474-1A3956D46DE8}") = "Solution Items", "Solution Items", "{02EA681E-C7D8-13C7-8484-4AC65E1B71E8}"
	ProjectSection(SolutionItems) = preProject
		.editorconfig = .editorconfig
	EndProjectSection
EndProject
Global
	GlobalSection(SolutionConfigurationPlatforms) = preSolution
		Debug|Any CPU = Debug|Any CPU
		Release|Any CPU = Release|Any CPU
	EndGlobalSection
	GlobalSection(ProjectConfigurationPlatforms) = postSolution
		{6AA27A8C-CFBE-45B6-908E-06D8F7DD655F}.Debug|Any CPU.ActiveCfg = Debug|Any CPU
		{6AA27A8C-CFBE-45B6-908E-06D8F7DD655F}.Debug|Any CPU.Build.0 = Debug|Any CPU
		{6AA27A8C-CFBE-45B6-908E-06D8F7DD655F}.Release|Any CPU.ActiveCfg = Release|Any CPU
		{6AA27A8C-CFBE-45B6-908E-06D8F7DD655F}.Release|Any CPU.Build.0 = Release|Any CPU
		{82F1318C-3DA8-46B1-92BD-91547F884BB3}.Debug|Any CPU.ActiveCfg = Debug|Any CPU
		{82F1318C-3DA8-46B1-92BD-91547F884BB3}.Debug|Any CPU.Build.0 = Debug|Any CPU
		{82F1318C-3DA8-46B1-92BD-91547F884BB3}.Release|Any CPU.ActiveCfg = Release|Any CPU
		{82F1318C-3DA8-46B1-92BD-91547F884BB3}.Release|Any CPU.Build.0 = Release|Any CPU
		{362DB6C7-A5D7-4D15-BD8D-DD32F4BAD8BD}.Debug|Any CPU.ActiveCfg = Debug|Any CPU
		{362DB6C7-A5D7-4D15-BD8D-DD32F4BAD8BD}.Debug|Any CPU.Build.0 = Debug|Any CPU
		{362DB6C7-A5D7-4D15-BD8D-DD32F4BAD8BD}.Release|Any CPU.ActiveCfg = Release|Any CPU
		{362DB6C7-A5D7-4D15-BD8D-DD32F4BAD8BD}.Release|Any CPU.Build.0 = Release|Any CPU
		{1C0E8A2C-0C3D-403A-94A9-514C6931B822}.Debug|Any CPU.ActiveCfg = Debug|Any CPU
		{1C0E8A2C-0C3D-403A-94A9-514C6931B822}.Debug|Any CPU.Build.0 = Debug|Any CPU
		{1C0E8A2C-0C3D-403A-94A9-514C6931B822}.Release|Any CPU.ActiveCfg = Release|Any CPU
		{1C0E8A2C-0C3D-403A-94A9-514C6931B822}.Release|Any CPU.Build.0 = Release|Any CPU
		{2FBD9431-F865-4EAC-86A9-235A468A4215}.Debug|Any CPU.ActiveCfg = Debug|Any CPU
		{2FBD9431-F865-4EAC-86A9-235A468A4215}.Debug|Any CPU.Build.0 = Debug|Any CPU
		{2FBD9431-F865-4EAC-86A9-235A468A4215}.Release|Any CPU.ActiveCfg = Release|Any CPU
		{2FBD9431-F865-4EAC-86A9-235A468A4215}.Release|Any CPU.Build.0 = Release|Any CPU
	EndGlobalSection
	GlobalSection(SolutionProperties) = preSolution
		HideSolutionNode = FALSE
	EndGlobalSection
	GlobalSection(ExtensibilityGlobals) = postSolution
		SolutionGuid = {029D3E1C-1F09-4364-B8A0-29C51E516B24}
	EndGlobalSection
EndGlobal
